# This file is generated automatically by uv to lock dependencies
# DO NOT EDIT THIS FILE MANUALLY

[[package]]
name = "streamlit"
version = "1.36.0"
dependencies = [
    "altair>=5.0.0",
    "pandas>=2.2.0",
    "pyarrow>=16.0.0",
]

[[package]]
name = "torch"
version = "2.3.0"
dependencies = [
    "typing-extensions>=4.8.0",
    "sympy",
    "networkx",
]

[[package]]
name = "transformers"
version = "4.41.2"
dependencies = [
    "tokenizers>=0.19.0",
    "huggingface-hub>=0.23.0",
    "safetensors>=0.4.3",
]

[[package]]
name = "bitsandbytes"
version = "0.42.0"

[[package]]
name = "accelerate"
version = "0.30.0"
